
Microsoft Visual Studio Solution File, Format Version 12.00
# Visual Studio Version 16
VisualStudioVersion = 16.0.34301.259
MinimumVisualStudioVersion = 10.0.40219.1
Project("{9A19103F-16F7-4668-BE54-9A1E7A4F7556}") = "VeriCekme_API", "VeriCekme\VeriCekme_API.csproj", "{2D76DBE9-415D-4E73-9020-12C18A010690}"
EndProject
Global
	GlobalSection(SolutionConfigurationPlatforms) = preSolution
		Debug|Any CPU = Debug|Any CPU
		Release|Any CPU = Release|Any CPU
	EndGlobalSection
	GlobalSection(ProjectConfigurationPlatforms) = postSolution
		{2D76DBE9-415D-4E73-9020-12C18A010690}.Debug|Any CPU.ActiveCfg = Debug|Any CPU
		{2D76DBE9-415D-4E73-9020-12C18A010690}.Debug|Any CPU.Build.0 = Debug|Any CPU
		{2D76DBE9-415D-4E73-9020-12C18A010690}.Release|Any CPU.ActiveCfg = Release|Any CPU
		{2D76DBE9-415D-4E73-9020-12C18A010690}.Release|Any CPU.Build.0 = Release|Any CPU
	EndGlobalSection
	GlobalSection(SolutionProperties) = preSolution
		HideSolutionNode = FALSE
	EndGlobalSection
	GlobalSection(ExtensibilityGlobals) = postSolution
		SolutionGuid = {B42ECEFD-B3A5-47AB-A9F0-B606B0C6B418}
	EndGlobalSection
EndGlobal
